
Microsoft Visual Studio Solution File, Format Version 10.00
# Visual Studio 2008
Project("{FAE04EC0-301F-11D3-BF4B-00C04F79EFBC}") = "mciso", "mciso.csproj", "{A6BB9923-AD35-4119-8F71-71350E0131E2}"
EndProject
Global
	GlobalSection(SolutionConfigurationPlatforms) = preSolution
		Debug|Any CPU = Debug|Any CPU
		Release|Any CPU = Release|Any CPU
	EndGlobalSection
	GlobalSection(ProjectConfigurationPlatforms) = postSolution
		{A6BB9923-AD35-4119-8F71-71350E0131E2}.Debug|Any CPU.ActiveCfg = Debug|Any CPU
		{A6BB9923-AD35-4119-8F71-71350E0131E2}.Debug|Any CPU.Build.0 = Debug|Any CPU
		{A6BB9923-AD35-4119-8F71-71350E0131E2}.Release|Any CPU.ActiveCfg = Release|Any CPU
		{A6BB9923-AD35-4119-8F71-71350E0131E2}.Release|Any CPU.Build.0 = Release|Any CPU
	EndGlobalSection
	GlobalSection(SolutionProperties) = preSolution
		HideSolutionNode = FALSE
	EndGlobalSection
	GlobalSection(MonoDevelopProperties) = preSolution
		StartupItem = mciso.csproj
	EndGlobalSection
EndGlobal
